
Microsoft Visual Studio Solution File, Format Version 12.00
# Visual Studio 15
VisualStudioVersion = 15.0.28307.645
MinimumVisualStudioVersion = 10.0.40219.1
Project("{FAE04EC0-301F-11D3-BF4B-00C04F79EFBC}") = "Homework 5", "Homework 5\Homework 5.csproj", "{0204C36D-4813-4253-AE7F-920ACFF8A46D}"
EndProject
Global
	GlobalSection(SolutionConfigurationPlatforms) = preSolution
		Debug|Any CPU = Debug|Any CPU
		Release|Any CPU = Release|Any CPU
	EndGlobalSection
	GlobalSection(ProjectConfigurationPlatforms) = postSolution
		{0204C36D-4813-4253-AE7F-920ACFF8A46D}.Debug|Any CPU.ActiveCfg = Debug|Any CPU
		{0204C36D-4813-4253-AE7F-920ACFF8A46D}.Debug|Any CPU.Build.0 = Debug|Any CPU
		{0204C36D-4813-4253-AE7F-920ACFF8A46D}.Release|Any CPU.ActiveCfg = Release|Any CPU
		{0204C36D-4813-4253-AE7F-920ACFF8A46D}.Release|Any CPU.Build.0 = Release|Any CPU
	EndGlobalSection
	GlobalSection(SolutionProperties) = preSolution
		HideSolutionNode = FALSE
	EndGlobalSection
	GlobalSection(ExtensibilityGlobals) = postSolution
		SolutionGuid = {2C5A187A-3410-4963-B618-8285828080C3}
	EndGlobalSection
EndGlobal
