
Microsoft Visual Studio Solution File, Format Version 12.00
# Visual Studio Version 16
VisualStudioVersion = 16.0.29403.142
MinimumVisualStudioVersion = 10.0.40219.1
Project("{FAE04EC0-301F-11D3-BF4B-00C04F79EFBC}") = "aspnetCoreDemo", "aspnetCoreDemo\aspnetCoreDemo.csproj", "{E98647AD-4BB2-42CA-941F-E1822D036981}"
EndProject
Global
	GlobalSection(SolutionConfigurationPlatforms) = preSolution
		Debug|Any CPU = Debug|Any CPU
		Release|Any CPU = Release|Any CPU
	EndGlobalSection
	GlobalSection(ProjectConfigurationPlatforms) = postSolution
		{E98647AD-4BB2-42CA-941F-E1822D036981}.Debug|Any CPU.ActiveCfg = Debug|Any CPU
		{E98647AD-4BB2-42CA-941F-E1822D036981}.Debug|Any CPU.Build.0 = Debug|Any CPU
		{E98647AD-4BB2-42CA-941F-E1822D036981}.Release|Any CPU.ActiveCfg = Release|Any CPU
		{E98647AD-4BB2-42CA-941F-E1822D036981}.Release|Any CPU.Build.0 = Release|Any CPU
	EndGlobalSection
	GlobalSection(SolutionProperties) = preSolution
		HideSolutionNode = FALSE
	EndGlobalSection
	GlobalSection(ExtensibilityGlobals) = postSolution
		SolutionGuid = {DBB890E8-1461-4536-BE88-614560F0D903}
	EndGlobalSection
EndGlobal
