
Microsoft Visual Studio Solution File, Format Version 12.00
# Visual Studio 15
VisualStudioVersion = 15.0.28307.645
MinimumVisualStudioVersion = 10.0.40219.1
Project("{FAE04EC0-301F-11D3-BF4B-00C04F79EFBC}") = "Homework5", "Homework5\Homework5.csproj", "{DB341C9B-EF43-4CCF-8ACB-78F9905C09DF}"
EndProject
Global
	GlobalSection(SolutionConfigurationPlatforms) = preSolution
		Debug|Any CPU = Debug|Any CPU
		Release|Any CPU = Release|Any CPU
	EndGlobalSection
	GlobalSection(ProjectConfigurationPlatforms) = postSolution
		{DB341C9B-EF43-4CCF-8ACB-78F9905C09DF}.Debug|Any CPU.ActiveCfg = Debug|Any CPU
		{DB341C9B-EF43-4CCF-8ACB-78F9905C09DF}.Debug|Any CPU.Build.0 = Debug|Any CPU
		{DB341C9B-EF43-4CCF-8ACB-78F9905C09DF}.Release|Any CPU.ActiveCfg = Release|Any CPU
		{DB341C9B-EF43-4CCF-8ACB-78F9905C09DF}.Release|Any CPU.Build.0 = Release|Any CPU
	EndGlobalSection
	GlobalSection(SolutionProperties) = preSolution
		HideSolutionNode = FALSE
	EndGlobalSection
	GlobalSection(ExtensibilityGlobals) = postSolution
		SolutionGuid = {DA4BD291-F499-4257-931C-34C4FB4D0EB5}
	EndGlobalSection
EndGlobal
